{
  "name": "akashic-agent-operating-layer",
  "version": "0.7.0",
  "lockfileVersion": 3,
  "requires": true,
  "packages": {
    "": {
      "name": "akashic-agent-operating-layer",
      "version": "0.7.0",
      "workspaces": ["packages/*", "workflows/*", "apps/*"],
      "devDependencies": {"ajv": "latest"},
      "engines": {"node": ">=20"}
    }
  }
}
